PODS:
  - flutter_local_notifications (0.0.1):
    - FlutterMacOS
  - FlutterMacOS (1.0.0)
  - shared_preferences_foundation (0.0.1):
    - Flutter
    - FlutterMacOS
  - speech_to_text_macos (0.0.1):
    - FlutterMacOS

DEPENDENCIES:
  - flutter_local_notifications (from `Flutter/ephemeral/.symlinks/plugins/flutter_local_notifications/macos`)
  - FlutterMacOS (from `Flutter/ephemeral`)
  - shared_preferences_foundation (from `Flutter/ephemeral/.symlinks/plugins/shared_preferences_foundation/darwin`)
  - speech_to_text_macos (from `Flutter/ephemeral/.symlinks/plugins/speech_to_text_macos/macos`)

EXTERNAL SOURCES:
  flutter_local_notifications:
    :path: Flutter/ephemeral/.symlinks/plugins/flutter_local_notifications/macos
  FlutterMacOS:
    :path: Flutter/ephemeral
  shared_preferences_foundation:
    :path: Flutter/ephemeral/.symlinks/plugins/shared_preferences_foundation/darwin
  speech_to_text_macos:
    :path: Flutter/ephemeral/.symlinks/plugins/speech_to_text_macos/macos

SPEC CHECKSUMS:
  flutter_local_notifications: 7e5a17a1dbc00d83dc10d43c2c4c05f2ceed233c
  FlutterMacOS: d0db08ddef1a9af05a5ec4b724367152bb0500b1
  shared_preferences_foundation: 7036424c3d8ec98dfe75ff1667cb0cd531ec82bb
  speech_to_text_macos: cb920dff8288c218a7e8c96c8c931b17e801dae7

PODFILE CHECKSUM: 54d867c82ac51cbd61b565781b9fada492027009

COCOAPODS: 1.16.2
